
Microsoft Visual Studio Solution File, Format Version 12.00
# Visual Studio Version 16
VisualStudioVersion = 16.0.32106.194
MinimumVisualStudioVersion = 10.0.40219.1
Project("{FAE04EC0-301F-11D3-BF4B-00C04F79EFBC}") = "CrackingTheCodingInterview", "CrackingTheCodingInterview\CrackingTheCodingInterview.csproj", "{1E6C8D79-393E-4900-B3AE-E9F5A15B131F}"
EndProject
Global
	GlobalSection(SolutionConfigurationPlatforms) = preSolution
		Debug|Any CPU = Debug|Any CPU
		Release|Any CPU = Release|Any CPU
	EndGlobalSection
	GlobalSection(ProjectConfigurationPlatforms) = postSolution
		{1E6C8D79-393E-4900-B3AE-E9F5A15B131F}.Debug|Any CPU.ActiveCfg = Debug|Any CPU
		{1E6C8D79-393E-4900-B3AE-E9F5A15B131F}.Debug|Any CPU.Build.0 = Debug|Any CPU
		{1E6C8D79-393E-4900-B3AE-E9F5A15B131F}.Release|Any CPU.ActiveCfg = Release|Any CPU
		{1E6C8D79-393E-4900-B3AE-E9F5A15B131F}.Release|Any CPU.Build.0 = Release|Any CPU
	EndGlobalSection
	GlobalSection(SolutionProperties) = preSolution
		HideSolutionNode = FALSE
	EndGlobalSection
	GlobalSection(ExtensibilityGlobals) = postSolution
		SolutionGuid = {F74E461C-EB98-47D3-A8D5-050383B01CE3}
	EndGlobalSection
EndGlobal
